github.com/Shopify/go-lua v0.0.0-20221004153744-91867de107cf h1:VSUCKpFV0AfYGslgQSRdBI9HCVp1TCXJmScWD0VXL5g=
github.com/Shopify/go-lua v0.0.0-20221004153744-91867de107cf/go.mod h1:UCCi6u6YA8oXfJ15vEMiMGIaWWfLiOacinBPHxLXtEU=
github.com/alitto/pond v1.8.3 h1:ydIqygCLVPqIX/USe5EaV/aSRXTRXDEI9JwuDdu+/xs=
github.com/alitto/pond v1.8.3/go.mod h1:CmvIIGd5jKLasGI3D87qDkQxjzChdKMmnXMg3fG6M6Q=
