github.com/Shopify/go-lua v0.0.0-20221004153744-91867de107cf h1:VSUCKpFV0AfYGslgQSRdBI9HCVp1TCXJmScWD0VXL5g=
github.com/Shopify/go-lua v0.0.0-20221004153744-91867de107cf/go.mod h1:UCCi6u6YA8oXfJ15vEMiMGIaWWfLiOacinBPHxLXtEU=
github.com/alitto/pond v1.8.3 h1:ydIqygCLVPqIX/USe5EaV/aSRXTRXDEI9JwuDdu+/xs=
github.com/alitto/pond v1.8.3/go.mod h1:CmvIIGd5jKLasGI3D87qDkQxjzChdKMmnXMg3fG6M6Q=
github.com/cjoudrey/gluahttp v0.0.0-20201111170219-25003d9adfa9 h1:rdWOzitWlNYeUsXmz+IQfa9NkGEq3gA/qQ3mOEqBU6o=
github.com/cjoudrey/gluahttp v0.0.0-20201111170219-25003d9adfa9/go.mod h1:X97UjDTXp+7bayQSFZk2hPvCTmTZIicUjZQRtkwgAKY=
github.com/yuin/gopher-lua v1.1.0 h1:BojcDhfyDWgU2f2TOzYK/g5p2gxMrku8oupLDqlnSqE=
github.com/yuin/gopher-lua v1.1.0/go.mod h1:GBR0iDaNXjAgGg9zfCvksxSRnQx76gclCIb7kdAd1Pw=
